// !$*UTF8*$!
{
	archiveVersion = 1;
	classes = {
	};
	objectVersion = 56;
	objects = {

/* Begin PBXBuildFile section */
		CE2A5A992CF4CB7400CEDCE1 /* RxCocoa in Frameworks */ = {isa = PBXBuildFile; productRef = CE2A5A982CF4CB7400CEDCE1 /* RxCocoa */; };
		CE2A5A9B2CF4CB7400CEDCE1 /* RxCocoa-Dynamic in Frameworks */ = {isa = PBXBuildFile; productRef = CE2A5A9A2CF4CB7400CEDCE1 /* RxCocoa-Dynamic */; };
		CE2A5A9D2CF4CB7400CEDCE1 /* RxRelay in Frameworks */ = {isa = PBXBuildFile; productRef = CE2A5A9C2CF4CB7400CEDCE1 /* RxRelay */; };
		CE2A5A9F2CF4CDA500CEDCE1 /* AllUsersViewController.swift in Sources */ = {isa = PBXBuildFile; fileRef = CE2A5A9E2CF4CDA500CEDCE1 /* AllUsersViewController.swift */; };
		CE2A5AA22CF4D4BB00CEDCE1 /* UserTableViewCell.swift in Sources */ = {isa = PBXBuildFile; fileRef = CE2A5AA12CF4D4BB00CEDCE1 /* UserTableViewCell.swift */; };
		CE2A5AA42CF4D5D100CEDCE1 /* UserModel.swift in Sources */ = {isa = PBXBuildFile; fileRef = CE2A5AA32CF4D5D100CEDCE1 /* UserModel.swift */; };
		CE2A5AA62CF4DF4E00CEDCE1 /* Reusable.swift in Sources */ = {isa = PBXBuildFile; fileRef = CE2A5AA52CF4DF4E00CEDCE1 /* Reusable.swift */; };
		CE2A5AA82CF4E1D400CEDCE1 /* AllUsersViewModel.swift in Sources */ = {isa = PBXBuildFile; fileRef = CE2A5AA72CF4E1D400CEDCE1 /* AllUsersViewModel.swift */; };
		CE2A5AAA2CF4E3CB00CEDCE1 /* NetworkServiceImplementation.swift in Sources */ = {isa = PBXBuildFile; fileRef = CE2A5AA92CF4E3CB00CEDCE1 /* NetworkServiceImplementation.swift */; };
		CE2A5AAC2CF4E56900CEDCE1 /* Address.swift in Sources */ = {isa = PBXBuildFile; fileRef = CE2A5AAB2CF4E56900CEDCE1 /* Address.swift */; };
		CE2A5AAE2CF4EED200CEDCE1 /* UIView+Extension.swift in Sources */ = {isa = PBXBuildFile; fileRef = CE2A5AAD2CF4EED200CEDCE1 /* UIView+Extension.swift */; };
		CE2A5AB12CF5FE0100CEDCE1 /* UserModel.xcdatamodeld in Sources */ = {isa = PBXBuildFile; fileRef = CE2A5AAF2CF5FE0100CEDCE1 /* UserModel.xcdatamodeld */; };
		CE2A5AB32CF5FEF600CEDCE1 /* CoreDataStack.swift in Sources */ = {isa = PBXBuildFile; fileRef = CE2A5AB22CF5FEF600CEDCE1 /* CoreDataStack.swift */; };
		CE2A5AB52CF6001900CEDCE1 /* UserRepositoryImplementation.swift in Sources */ = {isa = PBXBuildFile; fileRef = CE2A5AB42CF6001900CEDCE1 /* UserRepositoryImplementation.swift */; };
		CE2A5ABF2CF6471600CEDCE1 /* UserEntity+CoreDataClass.swift in Sources */ = {isa = PBXBuildFile; fileRef = CE2A5ABD2CF6471600CEDCE1 /* UserEntity+CoreDataClass.swift */; };
		CE2A5AC02CF6471600CEDCE1 /* UserEntity+CoreDataProperties.swift in Sources */ = {isa = PBXBuildFile; fileRef = CE2A5ABE2CF6471600CEDCE1 /* UserEntity+CoreDataProperties.swift */; };
		CE2A5AC22CF74D0D00CEDCE1 /* AddUserViewModel.swift in Sources */ = {isa = PBXBuildFile; fileRef = CE2A5AC12CF74D0D00CEDCE1 /* AddUserViewModel.swift */; };
		CE2A5AC42CF793FD00CEDCE1 /* CustomTextFieldView.swift in Sources */ = {isa = PBXBuildFile; fileRef = CE2A5AC32CF793FD00CEDCE1 /* CustomTextFieldView.swift */; };
		CE2A5ACA2D07747A00CEDCE1 /* UIViewController+Extension.swift in Sources */ = {isa = PBXBuildFile; fileRef = CE2A5AC92D07747A00CEDCE1 /* UIViewController+Extension.swift */; };
		CE2A5ACD2D07798400CEDCE1 /* AppError.swift in Sources */ = {isa = PBXBuildFile; fileRef = CE2A5ACC2D07798400CEDCE1 /* AppError.swift */; };
		CE2A5ACF2D077D7B00CEDCE1 /* NetworkMonitorServiceImplementation.swift in Sources */ = {isa = PBXBuildFile; fileRef = CE2A5ACE2D077D7B00CEDCE1 /* NetworkMonitorServiceImplementation.swift */; };
		CE9F09152CEF646D00CFA6B5 /* AppDelegate.swift in Sources */ = {isa = PBXBuildFile; fileRef = CE9F09142CEF646D00CFA6B5 /* AppDelegate.swift */; };
		CE9F09172CEF646D00CFA6B5 /* SceneDelegate.swift in Sources */ = {isa = PBXBuildFile; fileRef = CE9F09162CEF646D00CFA6B5 /* SceneDelegate.swift */; };
		CE9F09192CEF646D00CFA6B5 /* AddUserViewController.swift in Sources */ = {isa = PBXBuildFile; fileRef = CE9F09182CEF646D00CFA6B5 /* AddUserViewController.swift */; };
		CE9F091E2CEF647100CFA6B5 /* Assets.xcassets in Resources */ = {isa = PBXBuildFile; fileRef = CE9F091D2CEF647100CFA6B5 /* Assets.xcassets */; };
		CE9F09212CEF647100CFA6B5 /* Base in Resources */ = {isa = PBXBuildFile; fileRef = CE9F09202CEF647100CFA6B5 /* Base */; };
/* End PBXBuildFile section */

/* Begin PBXFileReference section */
		CE2A5A9E2CF4CDA500CEDCE1 /* AllUsersViewController.swift */ = {isa = PBXFileReference; lastKnownFileType = sourcecode.swift; path = AllUsersViewController.swift; sourceTree = "<group>"; };
		CE2A5AA12CF4D4BB00CEDCE1 /* UserTableViewCell.swift */ = {isa = PBXFileReference; lastKnownFileType = sourcecode.swift; path = UserTableViewCell.swift; sourceTree = "<group>"; };
		CE2A5AA32CF4D5D100CEDCE1 /* UserModel.swift */ = {isa = PBXFileReference; lastKnownFileType = sourcecode.swift; path = UserModel.swift; sourceTree = "<group>"; };
		CE2A5AA52CF4DF4E00CEDCE1 /* Reusable.swift */ = {isa = PBXFileReference; lastKnownFileType = sourcecode.swift; path = Reusable.swift; sourceTree = "<group>"; };
		CE2A5AA72CF4E1D400CEDCE1 /* AllUsersViewModel.swift */ = {isa = PBXFileReference; lastKnownFileType = sourcecode.swift; path = AllUsersViewModel.swift; sourceTree = "<group>"; };
		CE2A5AA92CF4E3CB00CEDCE1 /* NetworkServiceImplementation.swift */ = {isa = PBXFileReference; lastKnownFileType = sourcecode.swift; path = NetworkServiceImplementation.swift; sourceTree = "<group>"; };
		CE2A5AAB2CF4E56900CEDCE1 /* Address.swift */ = {isa = PBXFileReference; lastKnownFileType = sourcecode.swift; path = Address.swift; sourceTree = "<group>"; };
		CE2A5AAD2CF4EED200CEDCE1 /* UIView+Extension.swift */ = {isa = PBXFileReference; lastKnownFileType = sourcecode.swift; path = "UIView+Extension.swift"; sourceTree = "<group>"; };
		CE2A5AB02CF5FE0100CEDCE1 /* UserModel.xcdatamodel */ = {isa = PBXFileReference; lastKnownFileType = wrapper.xcdatamodel; path = UserModel.xcdatamodel; sourceTree = "<group>"; };
		CE2A5AB22CF5FEF600CEDCE1 /* CoreDataStack.swift */ = {isa = PBXFileReference; lastKnownFileType = sourcecode.swift; path = CoreDataStack.swift; sourceTree = "<group>"; };
		CE2A5AB42CF6001900CEDCE1 /* UserRepositoryImplementation.swift */ = {isa = PBXFileReference; lastKnownFileType = sourcecode.swift; path = UserRepositoryImplementation.swift; sourceTree = "<group>"; };
		CE2A5ABD2CF6471600CEDCE1 /* UserEntity+CoreDataClass.swift */ = {isa = PBXFileReference; lastKnownFileType = sourcecode.swift; path = "UserEntity+CoreDataClass.swift"; sourceTree = "<group>"; };
		CE2A5ABE2CF6471600CEDCE1 /* UserEntity+CoreDataProperties.swift */ = {isa = PBXFileReference; lastKnownFileType = sourcecode.swift; path = "UserEntity+CoreDataProperties.swift"; sourceTree = "<group>"; };
		CE2A5AC12CF74D0D00CEDCE1 /* AddUserViewModel.swift */ = {isa = PBXFileReference; lastKnownFileType = sourcecode.swift; path = AddUserViewModel.swift; sourceTree = "<group>"; };
		CE2A5AC32CF793FD00CEDCE1 /* CustomTextFieldView.swift */ = {isa = PBXFileReference; lastKnownFileType = sourcecode.swift; path = CustomTextFieldView.swift; sourceTree = "<group>"; };
		CE2A5AC92D07747A00CEDCE1 /* UIViewController+Extension.swift */ = {isa = PBXFileReference; lastKnownFileType = sourcecode.swift; path = "UIViewController+Extension.swift"; sourceTree = "<group>"; };
		CE2A5ACC2D07798400CEDCE1 /* AppError.swift */ = {isa = PBXFileReference; lastKnownFileType = sourcecode.swift; path = AppError.swift; sourceTree = "<group>"; };
		CE2A5ACE2D077D7B00CEDCE1 /* NetworkMonitorServiceImplementation.swift */ = {isa = PBXFileReference; lastKnownFileType = sourcecode.swift; path = NetworkMonitorServiceImplementation.swift; sourceTree = "<group>"; };
		CE9F09112CEF646D00CFA6B5 /* TechnicalTask-lvl1.app */ = {isa = PBXFileReference; explicitFileType = wrapper.application; includeInIndex = 0; path = "TechnicalTask-lvl1.app"; sourceTree = BUILT_PRODUCTS_DIR; };
		CE9F09142CEF646D00CFA6B5 /* AppDelegate.swift */ = {isa = PBXFileReference; lastKnownFileType = sourcecode.swift; path = AppDelegate.swift; sourceTree = "<group>"; };
		CE9F09162CEF646D00CFA6B5 /* SceneDelegate.swift */ = {isa = PBXFileReference; lastKnownFileType = sourcecode.swift; path = SceneDelegate.swift; sourceTree = "<group>"; };
		CE9F09182CEF646D00CFA6B5 /* AddUserViewController.swift */ = {isa = PBXFileReference; lastKnownFileType = sourcecode.swift; path = AddUserViewController.swift; sourceTree = "<group>"; };
		CE9F091D2CEF647100CFA6B5 /* Assets.xcassets */ = {isa = PBXFileReference; lastKnownFileType = folder.assetcatalog; path = Assets.xcassets; sourceTree = "<group>"; };
		CE9F09202CEF647100CFA6B5 /* Base */ = {isa = PBXFileReference; lastKnownFileType = file.storyboard; name = Base; path = Base.lproj/LaunchScreen.storyboard; sourceTree = "<group>"; };
		CE9F09222CEF647100CFA6B5 /* Info.plist */ = {isa = PBXFileReference; lastKnownFileType = text.plist.xml; path = Info.plist; sourceTree = "<group>"; };
/* End PBXFileReference section */

/* Begin PBXFrameworksBuildPhase section */
		CE9F090E2CEF646D00CFA6B5 /* Frameworks */ = {
			isa = PBXFrameworksBuildPhase;
			buildActionMask = 2147483647;
			files = (
				CE2A5A9D2CF4CB7400CEDCE1 /* RxRelay in Frameworks */,
				CE2A5A9B2CF4CB7400CEDCE1 /* RxCocoa-Dynamic in Frameworks */,
				CE2A5A992CF4CB7400CEDCE1 /* RxCocoa in Frameworks */,
			);
			runOnlyForDeploymentPostprocessing = 0;
		};
/* End PBXFrameworksBuildPhase section */

/* Begin PBXGroup section */
		CE2A5AA02CF4CDAA00CEDCE1 /* AllUsersModule */ = {
			isa = PBXGroup;
			children = (
				CE2A5A9E2CF4CDA500CEDCE1 /* AllUsersViewController.swift */,
				CE2A5AA12CF4D4BB00CEDCE1 /* UserTableViewCell.swift */,
				CE2A5AA72CF4E1D400CEDCE1 /* AllUsersViewModel.swift */,
			);
			path = AllUsersModule;
			sourceTree = "<group>";
		};
		CE2A5AB62CF6086600CEDCE1 /* CoreData */ = {
			isa = PBXGroup;
			children = (
				CE2A5ABD2CF6471600CEDCE1 /* UserEntity+CoreDataClass.swift */,
				CE2A5ABE2CF6471600CEDCE1 /* UserEntity+CoreDataProperties.swift */,
				CE2A5AAF2CF5FE0100CEDCE1 /* UserModel.xcdatamodeld */,
				CE2A5AB22CF5FEF600CEDCE1 /* CoreDataStack.swift */,
			);
			path = CoreData;
			sourceTree = "<group>";
		};
		CE2A5AC52D076ED100CEDCE1 /* Helpers */ = {
			isa = PBXGroup;
			children = (
				CE2A5AA52CF4DF4E00CEDCE1 /* Reusable.swift */,
				CE2A5ACC2D07798400CEDCE1 /* AppError.swift */,
			);
			path = Helpers;
			sourceTree = "<group>";
		};
		CE2A5AC62D076EDD00CEDCE1 /* Services */ = {
			isa = PBXGroup;
			children = (
				CE2A5AA92CF4E3CB00CEDCE1 /* NetworkServiceImplementation.swift */,
				CE2A5AB42CF6001900CEDCE1 /* UserRepositoryImplementation.swift */,
				CE2A5ACE2D077D7B00CEDCE1 /* NetworkMonitorServiceImplementation.swift */,
			);
			path = Services;
			sourceTree = "<group>";
		};
		CE2A5AC72D076EF200CEDCE1 /* Extensions */ = {
			isa = PBXGroup;
			children = (
				CE2A5AAD2CF4EED200CEDCE1 /* UIView+Extension.swift */,
				CE2A5AC92D07747A00CEDCE1 /* UIViewController+Extension.swift */,
			);
			path = Extensions;
			sourceTree = "<group>";
		};
		CE2A5AC82D076FF700CEDCE1 /* Views */ = {
			isa = PBXGroup;
			children = (
				CE2A5AC32CF793FD00CEDCE1 /* CustomTextFieldView.swift */,
			);
			path = Views;
			sourceTree = "<group>";
		};
		CE2A5ACB2D0775FE00CEDCE1 /* Models */ = {
			isa = PBXGroup;
			children = (
				CE2A5AAB2CF4E56900CEDCE1 /* Address.swift */,
				CE2A5AA32CF4D5D100CEDCE1 /* UserModel.swift */,
			);
			path = Models;
			sourceTree = "<group>";
		};
		CE9F09082CEF646D00CFA6B5 = {
			isa = PBXGroup;
			children = (
				CE9F09132CEF646D00CFA6B5 /* TechnicalTask-lvl1 */,
				CE9F09122CEF646D00CFA6B5 /* Products */,
			);
			sourceTree = "<group>";
		};
		CE9F09122CEF646D00CFA6B5 /* Products */ = {
			isa = PBXGroup;
			children = (
				CE9F09112CEF646D00CFA6B5 /* TechnicalTask-lvl1.app */,
			);
			name = Products;
			sourceTree = "<group>";
		};
		CE9F09132CEF646D00CFA6B5 /* TechnicalTask-lvl1 */ = {
			isa = PBXGroup;
			children = (
				CE2A5ACB2D0775FE00CEDCE1 /* Models */,
				CE2A5AC82D076FF700CEDCE1 /* Views */,
				CE2A5AC72D076EF200CEDCE1 /* Extensions */,
				CE2A5AC62D076EDD00CEDCE1 /* Services */,
				CE2A5AC52D076ED100CEDCE1 /* Helpers */,
				CE2A5AB62CF6086600CEDCE1 /* CoreData */,
				CE9F09292CEF659F00CFA6B5 /* Application */,
				CE2A5AA02CF4CDAA00CEDCE1 /* AllUsersModule */,
				CE9F092A2CEF65CA00CFA6B5 /* AddUserModule */,
				CE9F09282CEF658B00CFA6B5 /* Resources */,
			);
			path = "TechnicalTask-lvl1";
			sourceTree = "<group>";
		};
		CE9F09282CEF658B00CFA6B5 /* Resources */ = {
			isa = PBXGroup;
			children = (
				CE9F091D2CEF647100CFA6B5 /* Assets.xcassets */,
				CE9F091F2CEF647100CFA6B5 /* LaunchScreen.storyboard */,
				CE9F09222CEF647100CFA6B5 /* Info.plist */,
			);
			path = Resources;
			sourceTree = "<group>";
		};
		CE9F09292CEF659F00CFA6B5 /* Application */ = {
			isa = PBXGroup;
			children = (
				CE9F09142CEF646D00CFA6B5 /* AppDelegate.swift */,
				CE9F09162CEF646D00CFA6B5 /* SceneDelegate.swift */,
			);
			path = Application;
			sourceTree = "<group>";
		};
		CE9F092A2CEF65CA00CFA6B5 /* AddUserModule */ = {
			isa = PBXGroup;
			children = (
				CE9F09182CEF646D00CFA6B5 /* AddUserViewController.swift */,
				CE2A5AC12CF74D0D00CEDCE1 /* AddUserViewModel.swift */,
			);
			path = AddUserModule;
			sourceTree = "<group>";
		};
/* End PBXGroup section */

/* Begin PBXNativeTarget section */
		CE9F09102CEF646D00CFA6B5 /* TechnicalTask-lvl1 */ = {
			isa = PBXNativeTarget;
			buildConfigurationList = CE9F09252CEF647100CFA6B5 /* Build configuration list for PBXNativeTarget "TechnicalTask-lvl1" */;
			buildPhases = (
				CE9F090D2CEF646D00CFA6B5 /* Sources */,
				CE9F090E2CEF646D00CFA6B5 /* Frameworks */,
				CE9F090F2CEF646D00CFA6B5 /* Resources */,
			);
			buildRules = (
			);
			dependencies = (
			);
			name = "TechnicalTask-lvl1";
			packageProductDependencies = (
				CE2A5A982CF4CB7400CEDCE1 /* RxCocoa */,
				CE2A5A9A2CF4CB7400CEDCE1 /* RxCocoa-Dynamic */,
				CE2A5A9C2CF4CB7400CEDCE1 /* RxRelay */,
			);
			productName = "Technical task - lvl1";
			productReference = CE9F09112CEF646D00CFA6B5 /* TechnicalTask-lvl1.app */;
			productType = "com.apple.product-type.application";
		};
/* End PBXNativeTarget section */

/* Begin PBXProject section */
		CE9F09092CEF646D00CFA6B5 /* Project object */ = {
			isa = PBXProject;
			attributes = {
				BuildIndependentTargetsInParallel = 1;
				LastSwiftUpdateCheck = 1540;
				LastUpgradeCheck = 1540;
				TargetAttributes = {
					CE9F09102CEF646D00CFA6B5 = {
						CreatedOnToolsVersion = 15.4;
					};
				};
			};
			buildConfigurationList = CE9F090C2CEF646D00CFA6B5 /* Build configuration list for PBXProject "TechnicalTask-lvl1" */;
			compatibilityVersion = "Xcode 14.0";
			developmentRegion = en;
			hasScannedForEncodings = 0;
			knownRegions = (
				en,
				Base,
			);
			mainGroup = CE9F09082CEF646D00CFA6B5;
			packageReferences = (
				CE2A5A932CF4CB7400CEDCE1 /* XCRemoteSwiftPackageReference "RxSwift" */,
			);
			productRefGroup = CE9F09122CEF646D00CFA6B5 /* Products */;
			projectDirPath = "";
			projectRoot = "";
			targets = (
				CE9F09102CEF646D00CFA6B5 /* TechnicalTask-lvl1 */,
			);
		};
/* End PBXProject section */

/* Begin PBXResourcesBuildPhase section */
		CE9F090F2CEF646D00CFA6B5 /* Resources */ = {
			isa = PBXResourcesBuildPhase;
			buildActionMask = 2147483647;
			files = (
				CE9F091E2CEF647100CFA6B5 /* Assets.xcassets in Resources */,
				CE9F09212CEF647100CFA6B5 /* Base in Resources */,
			);
			runOnlyForDeploymentPostprocessing = 0;
		};
/* End PBXResourcesBuildPhase section */

/* Begin PBXSourcesBuildPhase section */
		CE9F090D2CEF646D00CFA6B5 /* Sources */ = {
			isa = PBXSourcesBuildPhase;
			buildActionMask = 2147483647;
			files = (
				CE9F09192CEF646D00CFA6B5 /* AddUserViewController.swift in Sources */,
				CE2A5AAE2CF4EED200CEDCE1 /* UIView+Extension.swift in Sources */,
				CE2A5AB12CF5FE0100CEDCE1 /* UserModel.xcdatamodeld in Sources */,
				CE2A5AA82CF4E1D400CEDCE1 /* AllUsersViewModel.swift in Sources */,
				CE2A5A9F2CF4CDA500CEDCE1 /* AllUsersViewController.swift in Sources */,
				CE9F09152CEF646D00CFA6B5 /* AppDelegate.swift in Sources */,
				CE2A5AB32CF5FEF600CEDCE1 /* CoreDataStack.swift in Sources */,
				CE2A5AC22CF74D0D00CEDCE1 /* AddUserViewModel.swift in Sources */,
				CE2A5ACA2D07747A00CEDCE1 /* UIViewController+Extension.swift in Sources */,
				CE2A5AAC2CF4E56900CEDCE1 /* Address.swift in Sources */,
				CE2A5AAA2CF4E3CB00CEDCE1 /* NetworkServiceImplementation.swift in Sources */,
				CE9F09172CEF646D00CFA6B5 /* SceneDelegate.swift in Sources */,
				CE2A5ACD2D07798400CEDCE1 /* AppError.swift in Sources */,
				CE2A5ABF2CF6471600CEDCE1 /* UserEntity+CoreDataClass.swift in Sources */,
				CE2A5AC02CF6471600CEDCE1 /* UserEntity+CoreDataProperties.swift in Sources */,
				CE2A5AB52CF6001900CEDCE1 /* UserRepositoryImplementation.swift in Sources */,
				CE2A5ACF2D077D7B00CEDCE1 /* NetworkMonitorServiceImplementation.swift in Sources */,
				CE2A5AA42CF4D5D100CEDCE1 /* UserModel.swift in Sources */,
				CE2A5AA22CF4D4BB00CEDCE1 /* UserTableViewCell.swift in Sources */,
				CE2A5AA62CF4DF4E00CEDCE1 /* Reusable.swift in Sources */,
				CE2A5AC42CF793FD00CEDCE1 /* CustomTextFieldView.swift in Sources */,
			);
			runOnlyForDeploymentPostprocessing = 0;
		};
/* End PBXSourcesBuildPhase section */

/* Begin PBXVariantGroup section */
		CE9F091F2CEF647100CFA6B5 /* LaunchScreen.storyboard */ = {
			isa = PBXVariantGroup;
			children = (
				CE9F09202CEF647100CFA6B5 /* Base */,
			);
			name = LaunchScreen.storyboard;
			sourceTree = "<group>";
		};
/* End PBXVariantGroup section */

/* Begin XCBuildConfiguration section */
		CE9F09232CEF647100CFA6B5 /* Debug */ = {
			isa = XCBuildConfiguration;
			buildSettings = {
				ALWAYS_SEARCH_USER_PATHS = NO;
				ASSETCATALOG_COMPILER_GENERATE_SWIFT_ASSET_SYMBOL_EXTENSIONS = YES;
				CLANG_ANALYZER_NONNULL = YES;
				CLANG_ANALYZER_NUMBER_OBJECT_CONVERSION = YES_AGGRESSIVE;
				CLANG_CXX_LANGUAGE_STANDARD = "gnu++20";
				CLANG_ENABLE_MODULES = YES;
				CLANG_ENABLE_OBJC_ARC = YES;
				CLANG_ENABLE_OBJC_WEAK = YES;
				CLANG_WARN_BLOCK_CAPTURE_AUTORELEASING = YES;
				CLANG_WARN_BOOL_CONVERSION = YES;
				CLANG_WARN_COMMA = YES;
				CLANG_WARN_CONSTANT_CONVERSION = YES;
				CLANG_WARN_DEPRECATED_OBJC_IMPLEMENTATIONS = YES;
				CLANG_WARN_DIRECT_OBJC_ISA_USAGE = YES_ERROR;
				CLANG_WARN_DOCUMENTATION_COMMENTS = YES;
				CLANG_WARN_EMPTY_BODY = YES;
				CLANG_WARN_ENUM_CONVERSION = YES;
				CLANG_WARN_INFINITE_RECURSION = YES;
				CLANG_WARN_INT_CONVERSION = YES;
				CLANG_WARN_NON_LITERAL_NULL_CONVERSION = YES;
				CLANG_WARN_OBJC_IMPLICIT_RETAIN_SELF = YES;
				CLANG_WARN_OBJC_LITERAL_CONVERSION = YES;
				CLANG_WARN_OBJC_ROOT_CLASS = YES_ERROR;
				CLANG_WARN_QUOTED_INCLUDE_IN_FRAMEWORK_HEADER = YES;
				CLANG_WARN_RANGE_LOOP_ANALYSIS = YES;
				CLANG_WARN_STRICT_PROTOTYPES = YES;
				CLANG_WARN_SUSPICIOUS_MOVE = YES;
				CLANG_WARN_UNGUARDED_AVAILABILITY = YES_AGGRESSIVE;
				CLANG_WARN_UNREACHABLE_CODE = YES;
				CLANG_WARN__DUPLICATE_METHOD_MATCH = YES;
				COPY_PHASE_STRIP = NO;
				DEBUG_INFORMATION_FORMAT = dwarf;
				ENABLE_STRICT_OBJC_MSGSEND = YES;
				ENABLE_TESTABILITY = YES;
				ENABLE_USER_SCRIPT_SANDBOXING = YES;
				GCC_C_LANGUAGE_STANDARD = gnu17;
				GCC_DYNAMIC_NO_PIC = NO;
				GCC_NO_COMMON_BLOCKS = YES;
				GCC_OPTIMIZATION_LEVEL = 0;
				GCC_PREPROCESSOR_DEFINITIONS = (
					"DEBUG=1",
					"$(inherited)",
				);
				GCC_WARN_64_TO_32_BIT_CONVERSION = YES;
				GCC_WARN_ABOUT_RETURN_TYPE = YES_ERROR;
				GCC_WARN_UNDECLARED_SELECTOR = YES;
				GCC_WARN_UNINITIALIZED_AUTOS = YES_AGGRESSIVE;
				GCC_WARN_UNUSED_FUNCTION = YES;
				GCC_WARN_UNUSED_VARIABLE = YES;
				IPHONEOS_DEPLOYMENT_TARGET = 17.5;
				LOCALIZATION_PREFERS_STRING_CATALOGS = YES;
				MTL_ENABLE_DEBUG_INFO = INCLUDE_SOURCE;
				MTL_FAST_MATH = YES;
				ONLY_ACTIVE_ARCH = YES;
				SDKROOT = iphoneos;
				SWIFT_ACTIVE_COMPILATION_CONDITIONS = "DEBUG $(inherited)";
				SWIFT_OPTIMIZATION_LEVEL = "-Onone";
			};
			name = Debug;
		};
		CE9F09242CEF647100CFA6B5 /* Release */ = {
			isa = XCBuildConfiguration;
			buildSettings = {
				ALWAYS_SEARCH_USER_PATHS = NO;
				ASSETCATALOG_COMPILER_GENERATE_SWIFT_ASSET_SYMBOL_EXTENSIONS = YES;
				CLANG_ANALYZER_NONNULL = YES;
				CLANG_ANALYZER_NUMBER_OBJECT_CONVERSION = YES_AGGRESSIVE;
				CLANG_CXX_LANGUAGE_STANDARD = "gnu++20";
				CLANG_ENABLE_MODULES = YES;
				CLANG_ENABLE_OBJC_ARC = YES;
				CLANG_ENABLE_OBJC_WEAK = YES;
				CLANG_WARN_BLOCK_CAPTURE_AUTORELEASING = YES;
				CLANG_WARN_BOOL_CONVERSION = YES;
				CLANG_WARN_COMMA = YES;
				CLANG_WARN_CONSTANT_CONVERSION = YES;
				CLANG_WARN_DEPRECATED_OBJC_IMPLEMENTATIONS = YES;
				CLANG_WARN_DIRECT_OBJC_ISA_USAGE = YES_ERROR;
				CLANG_WARN_DOCUMENTATION_COMMENTS = YES;
				CLANG_WARN_EMPTY_BODY = YES;
				CLANG_WARN_ENUM_CONVERSION = YES;
				CLANG_WARN_INFINITE_RECURSION = YES;
				CLANG_WARN_INT_CONVERSION = YES;
				CLANG_WARN_NON_LITERAL_NULL_CONVERSION = YES;
				CLANG_WARN_OBJC_IMPLICIT_RETAIN_SELF = YES;
				CLANG_WARN_OBJC_LITERAL_CONVERSION = YES;
				CLANG_WARN_OBJC_ROOT_CLASS = YES_ERROR;
				CLANG_WARN_QUOTED_INCLUDE_IN_FRAMEWORK_HEADER = YES;
				CLANG_WARN_RANGE_LOOP_ANALYSIS = YES;
				CLANG_WARN_STRICT_PROTOTYPES = YES;
				CLANG_WARN_SUSPICIOUS_MOVE = YES;
				CLANG_WARN_UNGUARDED_AVAILABILITY = YES_AGGRESSIVE;
				CLANG_WARN_UNREACHABLE_CODE = YES;
				CLANG_WARN__DUPLICATE_METHOD_MATCH = YES;
				COPY_PHASE_STRIP = NO;
				DEBUG_INFORMATION_FORMAT = "dwarf-with-dsym";
				ENABLE_NS_ASSERTIONS = NO;
				ENABLE_STRICT_OBJC_MSGSEND = YES;
				ENABLE_USER_SCRIPT_SANDBOXING = YES;
				GCC_C_LANGUAGE_STANDARD = gnu17;
				GCC_NO_COMMON_BLOCKS = YES;
				GCC_WARN_64_TO_32_BIT_CONVERSION = YES;
				GCC_WARN_ABOUT_RETURN_TYPE = YES_ERROR;
				GCC_WARN_UNDECLARED_SELECTOR = YES;
				GCC_WARN_UNINITIALIZED_AUTOS = YES_AGGRESSIVE;
				GCC_WARN_UNUSED_FUNCTION = YES;
				GCC_WARN_UNUSED_VARIABLE = YES;
				IPHONEOS_DEPLOYMENT_TARGET = 17.5;
				LOCALIZATION_PREFERS_STRING_CATALOGS = YES;
				MTL_ENABLE_DEBUG_INFO = NO;
				MTL_FAST_MATH = YES;
				SDKROOT = iphoneos;
				SWIFT_COMPILATION_MODE = wholemodule;
				VALIDATE_PRODUCT = YES;
			};
			name = Release;
		};
		CE9F09262CEF647100CFA6B5 /* Debug */ = {
			isa = XCBuildConfiguration;
			buildSettings = {
				ASSETCATALOG_COMPILER_APPICON_NAME = AppIcon;
				ASSETCATALOG_COMPILER_GLOBAL_ACCENT_COLOR_NAME = AccentColor;
				CODE_SIGN_STYLE = Automatic;
				CURRENT_PROJECT_VERSION = 1;
				DEVELOPMENT_TEAM = "";
				GENERATE_INFOPLIST_FILE = YES;
				INFOPLIST_FILE = "TechnicalTask-lvl1/Resources/Info.plist";
				INFOPLIST_KEY_UIApplicationSupportsIndirectInputEvents = YES;
				INFOPLIST_KEY_UILaunchStoryboardName = LaunchScreen;
				INFOPLIST_KEY_UIMainStoryboardFile = "";
				INFOPLIST_KEY_UISupportedInterfaceOrientations = UIInterfaceOrientationPortrait;
				IPHONEOS_DEPLOYMENT_TARGET = 15.0;
				LD_RUNPATH_SEARCH_PATHS = (
					"$(inherited)",
					"@executable_path/Frameworks",
				);
				MARKETING_VERSION = 1.0;
				PRODUCT_BUNDLE_IDENTIFIER = "com.innowise.Technical-task---lvl1";
				PRODUCT_NAME = "$(TARGET_NAME)";
				SUPPORTED_PLATFORMS = "iphoneos iphonesimulator";
				SUPPORTS_MACCATALYST = NO;
				SUPPORTS_MAC_DESIGNED_FOR_IPHONE_IPAD = NO;
				SUPPORTS_XR_DESIGNED_FOR_IPHONE_IPAD = NO;
				SWIFT_EMIT_LOC_STRINGS = YES;
				SWIFT_VERSION = 5.0;
				TARGETED_DEVICE_FAMILY = 1;
			};
			name = Debug;
		};
		CE9F09272CEF647100CFA6B5 /* Release */ = {
			isa = XCBuildConfiguration;
			buildSettings = {
				ASSETCATALOG_COMPILER_APPICON_NAME = AppIcon;
				ASSETCATALOG_COMPILER_GLOBAL_ACCENT_COLOR_NAME = AccentColor;
				CODE_SIGN_STYLE = Automatic;
				CURRENT_PROJECT_VERSION = 1;
				DEVELOPMENT_TEAM = "";
				GENERATE_INFOPLIST_FILE = YES;
				INFOPLIST_FILE = "TechnicalTask-lvl1/Resources/Info.plist";
				INFOPLIST_KEY_UIApplicationSupportsIndirectInputEvents = YES;
				INFOPLIST_KEY_UILaunchStoryboardName = LaunchScreen;
				INFOPLIST_KEY_UIMainStoryboardFile = "";
				INFOPLIST_KEY_UISupportedInterfaceOrientations = UIInterfaceOrientationPortrait;
				IPHONEOS_DEPLOYMENT_TARGET = 15.0;
				LD_RUNPATH_SEARCH_PATHS = (
					"$(inherited)",
					"@executable_path/Frameworks",
				);
				MARKETING_VERSION = 1.0;
				PRODUCT_BUNDLE_IDENTIFIER = "com.innowise.Technical-task---lvl1";
				PRODUCT_NAME = "$(TARGET_NAME)";
				SUPPORTED_PLATFORMS = "iphoneos iphonesimulator";
				SUPPORTS_MACCATALYST = NO;
				SUPPORTS_MAC_DESIGNED_FOR_IPHONE_IPAD = NO;
				SUPPORTS_XR_DESIGNED_FOR_IPHONE_IPAD = NO;
				SWIFT_EMIT_LOC_STRINGS = YES;
				SWIFT_VERSION = 5.0;
				TARGETED_DEVICE_FAMILY = 1;
			};
			name = Release;
		};
/* End XCBuildConfiguration section */

/* Begin XCConfigurationList section */
		CE9F090C2CEF646D00CFA6B5 /* Build configuration list for PBXProject "TechnicalTask-lvl1" */ = {
			isa = XCConfigurationList;
			buildConfigurations = (
				CE9F09232CEF647100CFA6B5 /* Debug */,
				CE9F09242CEF647100CFA6B5 /* Release */,
			);
			defaultConfigurationIsVisible = 0;
			defaultConfigurationName = Release;
		};
		CE9F09252CEF647100CFA6B5 /* Build configuration list for PBXNativeTarget "TechnicalTask-lvl1" */ = {
			isa = XCConfigurationList;
			buildConfigurations = (
				CE9F09262CEF647100CFA6B5 /* Debug */,
				CE9F09272CEF647100CFA6B5 /* Release */,
			);
			defaultConfigurationIsVisible = 0;
			defaultConfigurationName = Release;
		};
/* End XCConfigurationList section */

/* Begin XCRemoteSwiftPackageReference section */
		CE2A5A932CF4CB7400CEDCE1 /* XCRemoteSwiftPackageReference "RxSwift" */ = {
			isa = XCRemoteSwiftPackageReference;
			repositoryURL = "https://github.com/ReactiveX/RxSwift.git";
			requirement = {
				kind = upToNextMajorVersion;
				minimumVersion = 6.8.0;
			};
		};
/* End XCRemoteSwiftPackageReference section */

/* Begin XCSwiftPackageProductDependency section */
		CE2A5A982CF4CB7400CEDCE1 /* RxCocoa */ = {
			isa = XCSwiftPackageProductDependency;
			package = CE2A5A932CF4CB7400CEDCE1 /* XCRemoteSwiftPackageReference "RxSwift" */;
			productName = RxCocoa;
		};
		CE2A5A9A2CF4CB7400CEDCE1 /* RxCocoa-Dynamic */ = {
			isa = XCSwiftPackageProductDependency;
			package = CE2A5A932CF4CB7400CEDCE1 /* XCRemoteSwiftPackageReference "RxSwift" */;
			productName = "RxCocoa-Dynamic";
		};
		CE2A5A9C2CF4CB7400CEDCE1 /* RxRelay */ = {
			isa = XCSwiftPackageProductDependency;
			package = CE2A5A932CF4CB7400CEDCE1 /* XCRemoteSwiftPackageReference "RxSwift" */;
			productName = RxRelay;
		};
/* End XCSwiftPackageProductDependency section */

/* Begin XCVersionGroup section */
		CE2A5AAF2CF5FE0100CEDCE1 /* UserModel.xcdatamodeld */ = {
			isa = XCVersionGroup;
			children = (
				CE2A5AB02CF5FE0100CEDCE1 /* UserModel.xcdatamodel */,
			);
			currentVersion = CE2A5AB02CF5FE0100CEDCE1 /* UserModel.xcdatamodel */;
			path = UserModel.xcdatamodeld;
			sourceTree = "<group>";
			versionGroupType = wrapper.xcdatamodel;
		};
/* End XCVersionGroup section */
	};
	rootObject = CE9F09092CEF646D00CFA6B5 /* Project object */;
}
